
Microsoft Visual Studio Solution File, Format Version 12.00
# Visual Studio Version 17
VisualStudioVersion = 17.14.36717.8
MinimumVisualStudioVersion = 10.0.40219.1
Project("{FAE04EC0-301F-11D3-BF4B-00C04F79EFBC}") = "Codespirals.CardGames.Shared", "Codespirals.CardGames.Shared\Codespirals.CardGames.Shared.csproj", "{29336F04-0EA9-4B82-A3D3-460587F1C524}"
EndProject
Project("{FAE04EC0-301F-11D3-BF4B-00C04F79EFBC}") = "Codespirals.CardGames.FlipSeven", "Codespirals.CardGames.FlipSeven\Codespirals.CardGames.FlipSeven.csproj", "{57F69F33-D0CA-4FF8-A8CB-2EB1D5BDBABF}"
EndProject
Project("{FAE04EC0-301F-11D3-BF4B-00C04F79EFBC}") = "Codespirals.CardGames.TestingConsole", "Codespirals.CardGames.TestingConsole\Codespirals.CardGames.TestingConsole.csproj", "{0DBDBCB2-5EAE-4D67-9A3F-9C0307D58F27}"
EndProject
Project("{FAE04EC0-301F-11D3-BF4B-00C04F79EFBC}") = "Codespirals.CardGames.FlipSeven.Console", "Codespirals.CardGames.FlipSeven.Console\Codespirals.CardGames.FlipSeven.Console.csproj", "{CDB8E695-4C19-416A-97C4-EEF4B7C79D19}"
EndProject
Global
	GlobalSection(SolutionConfigurationPlatforms) = preSolution
		Debug|Any CPU = Debug|Any CPU
		Release|Any CPU = Release|Any CPU
	EndGlobalSection
	GlobalSection(ProjectConfigurationPlatforms) = postSolution
		{29336F04-0EA9-4B82-A3D3-460587F1C524}.Debug|Any CPU.ActiveCfg = Debug|Any CPU
		{29336F04-0EA9-4B82-A3D3-460587F1C524}.Debug|Any CPU.Build.0 = Debug|Any CPU
		{29336F04-0EA9-4B82-A3D3-460587F1C524}.Release|Any CPU.ActiveCfg = Release|Any CPU
		{29336F04-0EA9-4B82-A3D3-460587F1C524}.Release|Any CPU.Build.0 = Release|Any CPU
		{57F69F33-D0CA-4FF8-A8CB-2EB1D5BDBABF}.Debug|Any CPU.ActiveCfg = Debug|Any CPU
		{57F69F33-D0CA-4FF8-A8CB-2EB1D5BDBABF}.Debug|Any CPU.Build.0 = Debug|Any CPU
		{57F69F33-D0CA-4FF8-A8CB-2EB1D5BDBABF}.Release|Any CPU.ActiveCfg = Release|Any CPU
		{57F69F33-D0CA-4FF8-A8CB-2EB1D5BDBABF}.Release|Any CPU.Build.0 = Release|Any CPU
		{0DBDBCB2-5EAE-4D67-9A3F-9C0307D58F27}.Debug|Any CPU.ActiveCfg = Debug|Any CPU
		{0DBDBCB2-5EAE-4D67-9A3F-9C0307D58F27}.Debug|Any CPU.Build.0 = Debug|Any CPU
		{0DBDBCB2-5EAE-4D67-9A3F-9C0307D58F27}.Release|Any CPU.ActiveCfg = Release|Any CPU
		{0DBDBCB2-5EAE-4D67-9A3F-9C0307D58F27}.Release|Any CPU.Build.0 = Release|Any CPU
		{CDB8E695-4C19-416A-97C4-EEF4B7C79D19}.Debug|Any CPU.ActiveCfg = Debug|Any CPU
		{CDB8E695-4C19-416A-97C4-EEF4B7C79D19}.Debug|Any CPU.Build.0 = Debug|Any CPU
		{CDB8E695-4C19-416A-97C4-EEF4B7C79D19}.Release|Any CPU.ActiveCfg = Release|Any CPU
		{CDB8E695-4C19-416A-97C4-EEF4B7C79D19}.Release|Any CPU.Build.0 = Release|Any CPU
	EndGlobalSection
	GlobalSection(SolutionProperties) = preSolution
		HideSolutionNode = FALSE
	EndGlobalSection
	GlobalSection(ExtensibilityGlobals) = postSolution
		SolutionGuid = {1827A2B1-88D9-4A68-B0C4-FB361A160608}
	EndGlobalSection
EndGlobal
